{
    "_readme": [
        "This file locks the dependencies of your project to a known state",
        "Read more about it at https://getcomposer.org/doc/01-basic-usage.md#installing-dependencies",
        "This file is @generated automatically"
    ],
    "content-hash": "051256514099ea8190e91e6d14747037",
    "packages": [
        {
            "name": "mindplay/php-vite",
            "version": "1.0.1",
            "source": {
                "type": "git",
                "url": "https://github.com/mindplay-dk/php-vite.git",
                "reference": "f9416949acd4652d322793055e2e7661648bd69c"
            },
            "dist": {
                "type": "zip",
                "url": "https://api.github.com/repos/mindplay-dk/php-vite/zipball/f9416949acd4652d322793055e2e7661648bd69c",
                "reference": "f9416949acd4652d322793055e2e7661648bd69c",
                "shasum": ""
            },
            "require": {
                "php": ">=8.1"
            },
            "require-dev": {
                "mindplay/testies": "^1.1",
                "phpunit/php-code-coverage": "^10"
            },
            "type": "library",
            "autoload": {
                "psr-4": {
                    "mindplay\\vite\\": "src/"
                }
            },
            "notification-url": "https://packagist.org/downloads/",
            "license": [
                "MPL-2.0"
            ],
            "description": "a lightweight PHP-backend integration for the Vite frontend build tool",
            "support": {
                "issues": "https://github.com/mindplay-dk/php-vite/issues",
                "source": "https://github.com/mindplay-dk/php-vite/tree/1.0.1"
            },
            "time": "2024-10-08T10:42:03+00:00"
        }
    ],
    "packages-dev": [],
    "aliases": [],
    "minimum-stability": "stable",
    "stability-flags": [],
    "prefer-stable": false,
    "prefer-lowest": false,
    "platform": [],
    "platform-dev": [],
    "plugin-api-version": "2.6.0"
}
